// !$*UTF8*$!
{
	archiveVersion = 1;
	classes = {
	};
	objectVersion = 50;
	objects = {

/* Begin PBXBuildFile section */
		FA1067DC225E4D2000D9A17D /* CircleShader.metal in Sources */ = {isa = PBXBuildFile; fileRef = FA1067DB225E4D2000D9A17D /* CircleShader.metal */; };
		FA3DB132230F385500925E52 /* music.mp3 in Resources */ = {isa = PBXBuildFile; fileRef = FA3DB131230F385500925E52 /* music.mp3 */; };
		FAD6D92122593AAF000BD72E /* AppDelegate.swift in Sources */ = {isa = PBXBuildFile; fileRef = FAD6D92022593AAF000BD72E /* AppDelegate.swift */; };
		FAD6D92322593AAF000BD72E /* ViewController.swift in Sources */ = {isa = PBXBuildFile; fileRef = FAD6D92222593AAF000BD72E /* ViewController.swift */; };
		FAD6D92522593AB0000BD72E /* Assets.xcassets in Resources */ = {isa = PBXBuildFile; fileRef = FAD6D92422593AB0000BD72E /* Assets.xcassets */; };
		FAD6D92822593AB0000BD72E /* Main.storyboard in Resources */ = {isa = PBXBuildFile; fileRef = FAD6D92622593AB0000BD72E /* Main.storyboard */; };
		FAD6D93322593BBE000BD72E /* AudioVisualizer.swift in Sources */ = {isa = PBXBuildFile; fileRef = FAD6D93222593BBE000BD72E /* AudioVisualizer.swift */; };
/* End PBXBuildFile section */

/* Begin PBXFileReference section */
		FA1067DB225E4D2000D9A17D /* CircleShader.metal */ = {isa = PBXFileReference; lastKnownFileType = sourcecode.metal; path = CircleShader.metal; sourceTree = "<group>"; };
		FA3DB131230F385500925E52 /* music.mp3 */ = {isa = PBXFileReference; lastKnownFileType = audio.mp3; path = music.mp3; sourceTree = "<group>"; };
		FAD6D91D22593AAF000BD72E /* AudioVisualizer.app */ = {isa = PBXFileReference; explicitFileType = wrapper.application; includeInIndex = 0; path = AudioVisualizer.app; sourceTree = BUILT_PRODUCTS_DIR; };
		FAD6D92022593AAF000BD72E /* AppDelegate.swift */ = {isa = PBXFileReference; lastKnownFileType = sourcecode.swift; path = AppDelegate.swift; sourceTree = "<group>"; };
		FAD6D92222593AAF000BD72E /* ViewController.swift */ = {isa = PBXFileReference; lastKnownFileType = sourcecode.swift; path = ViewController.swift; sourceTree = "<group>"; };
		FAD6D92422593AB0000BD72E /* Assets.xcassets */ = {isa = PBXFileReference; lastKnownFileType = folder.assetcatalog; path = Assets.xcassets; sourceTree = "<group>"; };
		FAD6D92722593AB0000BD72E /* Base */ = {isa = PBXFileReference; lastKnownFileType = file.storyboard; name = Base; path = Base.lproj/Main.storyboard; sourceTree = "<group>"; };
		FAD6D92922593AB0000BD72E /* Info.plist */ = {isa = PBXFileReference; lastKnownFileType = text.plist.xml; path = Info.plist; sourceTree = "<group>"; };
		FAD6D92A22593AB0000BD72E /* MetalCircle.entitlements */ = {isa = PBXFileReference; lastKnownFileType = text.plist.entitlements; path = MetalCircle.entitlements; sourceTree = "<group>"; };
		FAD6D93222593BBE000BD72E /* AudioVisualizer.swift */ = {isa = PBXFileReference; lastKnownFileType = sourcecode.swift; path = AudioVisualizer.swift; sourceTree = "<group>"; };
/* End PBXFileReference section */

/* Begin PBXFrameworksBuildPhase section */
		FAD6D91A22593AAF000BD72E /* Frameworks */ = {
			isa = PBXFrameworksBuildPhase;
			buildActionMask = 2147483647;
			files = (
			);
			runOnlyForDeploymentPostprocessing = 0;
		};
/* End PBXFrameworksBuildPhase section */

/* Begin PBXGroup section */
		FAD6D91422593AAF000BD72E = {
			isa = PBXGroup;
			children = (
				FAD6D91F22593AAF000BD72E /* AudioVisualizer */,
			);
			sourceTree = "<group>";
		};
		FAD6D91E22593AAF000BD72E /* Products */ = {
			isa = PBXGroup;
			children = (
				FAD6D91D22593AAF000BD72E /* AudioVisualizer.app */,
			);
			name = Products;
			path = ..;
			sourceTree = "<group>";
		};
		FAD6D91F22593AAF000BD72E /* AudioVisualizer */ = {
			isa = PBXGroup;
			children = (
				FAD6D92022593AAF000BD72E /* AppDelegate.swift */,
				FAD6D92222593AAF000BD72E /* ViewController.swift */,
				FAD6D93222593BBE000BD72E /* AudioVisualizer.swift */,
				FA1067DB225E4D2000D9A17D /* CircleShader.metal */,
				FA3DB131230F385500925E52 /* music.mp3 */,
				FAD6D91E22593AAF000BD72E /* Products */,
				FAD6D92422593AB0000BD72E /* Assets.xcassets */,
				FAD6D92622593AB0000BD72E /* Main.storyboard */,
				FAD6D92922593AB0000BD72E /* Info.plist */,
				FAD6D92A22593AB0000BD72E /* MetalCircle.entitlements */,
			);
			path = AudioVisualizer;
			sourceTree = "<group>";
		};
/* End PBXGroup section */

/* Begin PBXNativeTarget section */
		FAD6D91C22593AAF000BD72E /* AudioVisualizer */ = {
			isa = PBXNativeTarget;
			buildConfigurationList = FAD6D92D22593AB0000BD72E /* Build configuration list for PBXNativeTarget "AudioVisualizer" */;
			buildPhases = (
				FAD6D91922593AAF000BD72E /* Sources */,
				FAD6D91A22593AAF000BD72E /* Frameworks */,
				FAD6D91B22593AAF000BD72E /* Resources */,
			);
			buildRules = (
			);
			dependencies = (
			);
			name = AudioVisualizer;
			productName = MetalCircle;
			productReference = FAD6D91D22593AAF000BD72E /* AudioVisualizer.app */;
			productType = "com.apple.product-type.application";
		};
/* End PBXNativeTarget section */

/* Begin PBXProject section */
		FAD6D91522593AAF000BD72E /* Project object */ = {
			isa = PBXProject;
			attributes = {
				LastSwiftUpdateCheck = 1020;
				LastUpgradeCheck = 1020;
				ORGANIZATIONNAME = alex;
				TargetAttributes = {
					FAD6D91C22593AAF000BD72E = {
						CreatedOnToolsVersion = 10.2;
					};
				};
			};
			buildConfigurationList = FAD6D91822593AAF000BD72E /* Build configuration list for PBXProject "AudioVisualizer" */;
			compatibilityVersion = "Xcode 9.3";
			developmentRegion = en;
			hasScannedForEncodings = 0;
			knownRegions = (
				en,
				Base,
			);
			mainGroup = FAD6D91422593AAF000BD72E;
			productRefGroup = FAD6D91E22593AAF000BD72E /* Products */;
			projectDirPath = "";
			projectRoot = "";
			targets = (
				FAD6D91C22593AAF000BD72E /* AudioVisualizer */,
			);
		};
/* End PBXProject section */

/* Begin PBXResourcesBuildPhase section */
		FAD6D91B22593AAF000BD72E /* Resources */ = {
			isa = PBXResourcesBuildPhase;
			buildActionMask = 2147483647;
			files = (
				FAD6D92522593AB0000BD72E /* Assets.xcassets in Resources */,
				FAD6D92822593AB0000BD72E /* Main.storyboard in Resources */,
				FA3DB132230F385500925E52 /* music.mp3 in Resources */,
			);
			runOnlyForDeploymentPostprocessing = 0;
		};
/* End PBXResourcesBuildPhase section */

/* Begin PBXSourcesBuildPhase section */
		FAD6D91922593AAF000BD72E /* Sources */ = {
			isa = PBXSourcesBuildPhase;
			buildActionMask = 2147483647;
			files = (
				FA1067DC225E4D2000D9A17D /* CircleShader.metal in Sources */,
				FAD6D93322593BBE000BD72E /* AudioVisualizer.swift in Sources */,
				FAD6D92322593AAF000BD72E /* ViewController.swift in Sources */,
				FAD6D92122593AAF000BD72E /* AppDelegate.swift in Sources */,
			);
			runOnlyForDeploymentPostprocessing = 0;
		};
/* End PBXSourcesBuildPhase section */

/* Begin PBXVariantGroup section */
		FAD6D92622593AB0000BD72E /* Main.storyboard */ = {
			isa = PBXVariantGroup;
			children = (
				FAD6D92722593AB0000BD72E /* Base */,
			);
			name = Main.storyboard;
			sourceTree = "<group>";
		};
/* End PBXVariantGroup section */

/* Begin XCBuildConfiguration section */
		FAD6D92B22593AB0000BD72E /* Debug */ = {
			isa = XCBuildConfiguration;
			buildSettings = {
				ALWAYS_SEARCH_USER_PATHS = NO;
				CLANG_ANALYZER_NONNULL = YES;
				CLANG_ANALYZER_NUMBER_OBJECT_CONVERSION = YES_AGGRESSIVE;
				CLANG_CXX_LANGUAGE_STANDARD = "gnu++14";
				CLANG_CXX_LIBRARY = "libc++";
				CLANG_ENABLE_MODULES = YES;
				CLANG_ENABLE_OBJC_ARC = YES;
				CLANG_ENABLE_OBJC_WEAK = YES;
				CLANG_WARN_BLOCK_CAPTURE_AUTORELEASING = YES;
				CLANG_WARN_BOOL_CONVERSION = YES;
				CLANG_WARN_COMMA = YES;
				CLANG_WARN_CONSTANT_CONVERSION = YES;
				CLANG_WARN_DEPRECATED_OBJC_IMPLEMENTATIONS = YES;
				CLANG_WARN_DIRECT_OBJC_ISA_USAGE = YES_ERROR;
				CLANG_WARN_DOCUMENTATION_COMMENTS = YES;
				CLANG_WARN_EMPTY_BODY = YES;
				CLANG_WARN_ENUM_CONVERSION = YES;
				CLANG_WARN_INFINITE_RECURSION = YES;
				CLANG_WARN_INT_CONVERSION = YES;
				CLANG_WARN_NON_LITERAL_NULL_CONVERSION = YES;
				CLANG_WARN_OBJC_IMPLICIT_RETAIN_SELF = YES;
				CLANG_WARN_OBJC_LITERAL_CONVERSION = YES;
				CLANG_WARN_OBJC_ROOT_CLASS = YES_ERROR;
				CLANG_WARN_RANGE_LOOP_ANALYSIS = YES;
				CLANG_WARN_STRICT_PROTOTYPES = YES;
				CLANG_WARN_SUSPICIOUS_MOVE = YES;
				CLANG_WARN_UNGUARDED_AVAILABILITY = YES_AGGRESSIVE;
				CLANG_WARN_UNREACHABLE_CODE = YES;
				CLANG_WARN__DUPLICATE_METHOD_MATCH = YES;
				CODE_SIGN_IDENTITY = "Mac Developer";
				COPY_PHASE_STRIP = NO;
				DEBUG_INFORMATION_FORMAT = dwarf;
				ENABLE_STRICT_OBJC_MSGSEND = YES;
				ENABLE_TESTABILITY = YES;
				GCC_C_LANGUAGE_STANDARD = gnu11;
				GCC_DYNAMIC_NO_PIC = NO;
				GCC_NO_COMMON_BLOCKS = YES;
				GCC_OPTIMIZATION_LEVEL = 0;
				GCC_PREPROCESSOR_DEFINITIONS = (
					"DEBUG=1",
					"$(inherited)",
				);
				GCC_WARN_64_TO_32_BIT_CONVERSION = YES;
				GCC_WARN_ABOUT_RETURN_TYPE = YES_ERROR;
				GCC_WARN_UNDECLARED_SELECTOR = YES;
				GCC_WARN_UNINITIALIZED_AUTOS = YES_AGGRESSIVE;
				GCC_WARN_UNUSED_FUNCTION = YES;
				GCC_WARN_UNUSED_VARIABLE = YES;
				MACOSX_DEPLOYMENT_TARGET = 10.14;
				MTL_ENABLE_DEBUG_INFO = INCLUDE_SOURCE;
				MTL_FAST_MATH = YES;
				ONLY_ACTIVE_ARCH = YES;
				SDKROOT = macosx;
				SWIFT_ACTIVE_COMPILATION_CONDITIONS = DEBUG;
				SWIFT_OPTIMIZATION_LEVEL = "-Onone";
			};
			name = Debug;
		};
		FAD6D92C22593AB0000BD72E /* Release */ = {
			isa = XCBuildConfiguration;
			buildSettings = {
				ALWAYS_SEARCH_USER_PATHS = NO;
				CLANG_ANALYZER_NONNULL = YES;
				CLANG_ANALYZER_NUMBER_OBJECT_CONVERSION = YES_AGGRESSIVE;
				CLANG_CXX_LANGUAGE_STANDARD = "gnu++14";
				CLANG_CXX_LIBRARY = "libc++";
				CLANG_ENABLE_MODULES = YES;
				CLANG_ENABLE_OBJC_ARC = YES;
				CLANG_ENABLE_OBJC_WEAK = YES;
				CLANG_WARN_BLOCK_CAPTURE_AUTORELEASING = YES;
				CLANG_WARN_BOOL_CONVERSION = YES;
				CLANG_WARN_COMMA = YES;
				CLANG_WARN_CONSTANT_CONVERSION = YES;
				CLANG_WARN_DEPRECATED_OBJC_IMPLEMENTATIONS = YES;
				CLANG_WARN_DIRECT_OBJC_ISA_USAGE = YES_ERROR;
				CLANG_WARN_DOCUMENTATION_COMMENTS = YES;
				CLANG_WARN_EMPTY_BODY = YES;
				CLANG_WARN_ENUM_CONVERSION = YES;
				CLANG_WARN_INFINITE_RECURSION = YES;
				CLANG_WARN_INT_CONVERSION = YES;
				CLANG_WARN_NON_LITERAL_NULL_CONVERSION = YES;
				CLANG_WARN_OBJC_IMPLICIT_RETAIN_SELF = YES;
				CLANG_WARN_OBJC_LITERAL_CONVERSION = YES;
				CLANG_WARN_OBJC_ROOT_CLASS = YES_ERROR;
				CLANG_WARN_RANGE_LOOP_ANALYSIS = YES;
				CLANG_WARN_STRICT_PROTOTYPES = YES;
				CLANG_WARN_SUSPICIOUS_MOVE = YES;
				CLANG_WARN_UNGUARDED_AVAILABILITY = YES_AGGRESSIVE;
				CLANG_WARN_UNREACHABLE_CODE = YES;
				CLANG_WARN__DUPLICATE_METHOD_MATCH = YES;
				CODE_SIGN_IDENTITY = "Mac Developer";
				COPY_PHASE_STRIP = NO;
				DEBUG_INFORMATION_FORMAT = "dwarf-with-dsym";
				ENABLE_NS_ASSERTIONS = NO;
				ENABLE_STRICT_OBJC_MSGSEND = YES;
				GCC_C_LANGUAGE_STANDARD = gnu11;
				GCC_NO_COMMON_BLOCKS = YES;
				GCC_WARN_64_TO_32_BIT_CONVERSION = YES;
				GCC_WARN_ABOUT_RETURN_TYPE = YES_ERROR;
				GCC_WARN_UNDECLARED_SELECTOR = YES;
				GCC_WARN_UNINITIALIZED_AUTOS = YES_AGGRESSIVE;
				GCC_WARN_UNUSED_FUNCTION = YES;
				GCC_WARN_UNUSED_VARIABLE = YES;
				MACOSX_DEPLOYMENT_TARGET = 10.14;
				MTL_ENABLE_DEBUG_INFO = NO;
				MTL_FAST_MATH = YES;
				SDKROOT = macosx;
				SWIFT_COMPILATION_MODE = wholemodule;
				SWIFT_OPTIMIZATION_LEVEL = "-O";
			};
			name = Release;
		};
		FAD6D92E22593AB0000BD72E /* Debug */ = {
			isa = XCBuildConfiguration;
			buildSettings = {
				ASSETCATALOG_COMPILER_APPICON_NAME = AppIcon;
				CODE_SIGN_STYLE = Automatic;
				COMBINE_HIDPI_IMAGES = YES;
				DEVELOPMENT_TEAM = YB435W5MT8;
				INFOPLIST_FILE = "$(SRCROOT)/AudioVisualizer/Info.plist";
				LD_RUNPATH_SEARCH_PATHS = (
					"$(inherited)",
					"@executable_path/../Frameworks",
				);
				PRODUCT_BUNDLE_IDENTIFIER = alex.AudioVisualizer;
				PRODUCT_NAME = "$(TARGET_NAME)";
				SWIFT_VERSION = 5.0;
			};
			name = Debug;
		};
		FAD6D92F22593AB0000BD72E /* Release */ = {
			isa = XCBuildConfiguration;
			buildSettings = {
				ASSETCATALOG_COMPILER_APPICON_NAME = AppIcon;
				CODE_SIGN_STYLE = Automatic;
				COMBINE_HIDPI_IMAGES = YES;
				DEVELOPMENT_TEAM = YB435W5MT8;
				INFOPLIST_FILE = "$(SRCROOT)/AudioVisualizer/Info.plist";
				LD_RUNPATH_SEARCH_PATHS = (
					"$(inherited)",
					"@executable_path/../Frameworks",
				);
				PRODUCT_BUNDLE_IDENTIFIER = alex.AudioVisualizer;
				PRODUCT_NAME = "$(TARGET_NAME)";
				SWIFT_VERSION = 5.0;
			};
			name = Release;
		};
/* End XCBuildConfiguration section */

/* Begin XCConfigurationList section */
		FAD6D91822593AAF000BD72E /* Build configuration list for PBXProject "AudioVisualizer" */ = {
			isa = XCConfigurationList;
			buildConfigurations = (
				FAD6D92B22593AB0000BD72E /* Debug */,
				FAD6D92C22593AB0000BD72E /* Release */,
			);
			defaultConfigurationIsVisible = 0;
			defaultConfigurationName = Release;
		};
		FAD6D92D22593AB0000BD72E /* Build configuration list for PBXNativeTarget "AudioVisualizer" */ = {
			isa = XCConfigurationList;
			buildConfigurations = (
				FAD6D92E22593AB0000BD72E /* Debug */,
				FAD6D92F22593AB0000BD72E /* Release */,
			);
			defaultConfigurationIsVisible = 0;
			defaultConfigurationName = Release;
		};
/* End XCConfigurationList section */
	};
	rootObject = FAD6D91522593AAF000BD72E /* Project object */;
}
